
Microsoft Visual Studio Solution File, Format Version 12.00
# Visual Studio Version 17
VisualStudioVersion = 17.4.33103.184
MinimumVisualStudioVersion = 10.0.40219.1
Project("{9A19103F-16F7-4668-BE54-9A1E7A4F7556}") = "WarehouseWebApp", "WarehouseWebApp\WarehouseWebApp.csproj", "{4409BC46-6F63-4F25-A5EC-B749B1594CDE}"
EndProject
Global
	GlobalSection(SolutionConfigurationPlatforms) = preSolution
		Debug|Any CPU = Debug|Any CPU
		Release|Any CPU = Release|Any CPU
	EndGlobalSection
	GlobalSection(ProjectConfigurationPlatforms) = postSolution
		{4409BC46-6F63-4F25-A5EC-B749B1594CDE}.Debug|Any CPU.ActiveCfg = Debug|Any CPU
		{4409BC46-6F63-4F25-A5EC-B749B1594CDE}.Debug|Any CPU.Build.0 = Debug|Any CPU
		{4409BC46-6F63-4F25-A5EC-B749B1594CDE}.Release|Any CPU.ActiveCfg = Release|Any CPU
		{4409BC46-6F63-4F25-A5EC-B749B1594CDE}.Release|Any CPU.Build.0 = Release|Any CPU
	EndGlobalSection
	GlobalSection(SolutionProperties) = preSolution
		HideSolutionNode = FALSE
	EndGlobalSection
	GlobalSection(ExtensibilityGlobals) = postSolution
		SolutionGuid = {F81403E9-15D5-41AD-A6D2-60F4C725E8E1}
	EndGlobalSection
EndGlobal
